
Microsoft Visual Studio Solution File, Format Version 12.00
# Visual Studio Version 16
VisualStudioVersion = 16.0.30717.126
MinimumVisualStudioVersion = 10.0.40219.1
Project("{FAE04EC0-301F-11D3-BF4B-00C04F79EFBC}") = "TDExportDDL", "TDExportDDL\TDExportDDL.csproj", "{390670B8-55B8-45B9-9D87-4723BDC7DF01}"
EndProject
Global
	GlobalSection(SolutionConfigurationPlatforms) = preSolution
		Debug|Any CPU = Debug|Any CPU
		Release|Any CPU = Release|Any CPU
	EndGlobalSection
	GlobalSection(ProjectConfigurationPlatforms) = postSolution
		{390670B8-55B8-45B9-9D87-4723BDC7DF01}.Debug|Any CPU.ActiveCfg = Debug|Any CPU
		{390670B8-55B8-45B9-9D87-4723BDC7DF01}.Debug|Any CPU.Build.0 = Debug|Any CPU
		{390670B8-55B8-45B9-9D87-4723BDC7DF01}.Release|Any CPU.ActiveCfg = Release|Any CPU
		{390670B8-55B8-45B9-9D87-4723BDC7DF01}.Release|Any CPU.Build.0 = Release|Any CPU
	EndGlobalSection
	GlobalSection(SolutionProperties) = preSolution
		HideSolutionNode = FALSE
	EndGlobalSection
	GlobalSection(ExtensibilityGlobals) = postSolution
		SolutionGuid = {4676E839-3627-4F2A-A57D-1DFBFDFCD214}
	EndGlobalSection
EndGlobal
